// !$*UTF8*$!
{
	archiveVersion = 1;
	classes = {
	};
	objectVersion = 46;
	objects = {

/* Begin PBXBuildFile section */
		7EDA7E3E1DB710EE00380FE1 /* AppDelegate.swift in Sources */ = {isa = PBXBuildFile; fileRef = 7EDA7E3D1DB710EE00380FE1 /* AppDelegate.swift */; };
		7EDA7E401DB710EE00380FE1 /* ViewController.swift in Sources */ = {isa = PBXBuildFile; fileRef = 7EDA7E3F1DB710EE00380FE1 /* ViewController.swift */; };
		7EDA7E431DB710EE00380FE1 /* Main.storyboard in Resources */ = {isa = PBXBuildFile; fileRef = 7EDA7E411DB710EE00380FE1 /* Main.storyboard */; };
		7EDA7E451DB710EE00380FE1 /* Assets.xcassets in Resources */ = {isa = PBXBuildFile; fileRef = 7EDA7E441DB710EE00380FE1 /* Assets.xcassets */; };
		7EDA7E481DB710EE00380FE1 /* LaunchScreen.storyboard in Resources */ = {isa = PBXBuildFile; fileRef = 7EDA7E461DB710EE00380FE1 /* LaunchScreen.storyboard */; };
		7EDA7E531DB710EF00380FE1 /* FurryFriendsTests.swift in Sources */ = {isa = PBXBuildFile; fileRef = 7EDA7E521DB710EF00380FE1 /* FurryFriendsTests.swift */; };
		7EDA7E5E1DB710EF00380FE1 /* FurryFriendsUITests.swift in Sources */ = {isa = PBXBuildFile; fileRef = 7EDA7E5D1DB710EF00380FE1 /* FurryFriendsUITests.swift */; };
/* End PBXBuildFile section */

/* Begin PBXContainerItemProxy section */
		7EDA7E4F1DB710EF00380FE1 /* PBXContainerItemProxy */ = {
			isa = PBXContainerItemProxy;
			containerPortal = 7EDA7E321DB710EE00380FE1 /* Project object */;
			proxyType = 1;
			remoteGlobalIDString = 7EDA7E391DB710EE00380FE1;
			remoteInfo = FurryFriends;
		};
		7EDA7E5A1DB710EF00380FE1 /* PBXContainerItemProxy */ = {
			isa = PBXContainerItemProxy;
			containerPortal = 7EDA7E321DB710EE00380FE1 /* Project object */;
			proxyType = 1;
			remoteGlobalIDString = 7EDA7E391DB710EE00380FE1;
			remoteInfo = FurryFriends;
		};
/* End PBXContainerItemProxy section */

/* Begin PBXFileReference section */
		7EDA7E3A1DB710EE00380FE1 /* FurryFriends.app */ = {isa = PBXFileReference; explicitFileType = wrapper.application; includeInIndex = 0; path = FurryFriends.app; sourceTree = BUILT_PRODUCTS_DIR; };
		7EDA7E3D1DB710EE00380FE1 /* AppDelegate.swift */ = {isa = PBXFileReference; lastKnownFileType = sourcecode.swift; path = AppDelegate.swift; sourceTree = "<group>"; };
		7EDA7E3F1DB710EE00380FE1 /* ViewController.swift */ = {isa = PBXFileReference; lastKnownFileType = sourcecode.swift; path = ViewController.swift; sourceTree = "<group>"; };
		7EDA7E421DB710EE00380FE1 /* Base */ = {isa = PBXFileReference; lastKnownFileType = file.storyboard; name = Base; path = Base.lproj/Main.storyboard; sourceTree = "<group>"; };
		7EDA7E441DB710EE00380FE1 /* Assets.xcassets */ = {isa = PBXFileReference; lastKnownFileType = folder.assetcatalog; path = Assets.xcassets; sourceTree = "<group>"; };
		7EDA7E471DB710EE00380FE1 /* Base */ = {isa = PBXFileReference; lastKnownFileType = file.storyboard; name = Base; path = Base.lproj/LaunchScreen.storyboard; sourceTree = "<group>"; };
		7EDA7E491DB710EE00380FE1 /* Info.plist */ = {isa = PBXFileReference; lastKnownFileType = text.plist.xml; path = Info.plist; sourceTree = "<group>"; };
		7EDA7E4E1DB710EF00380FE1 /* FurryFriendsTests.xctest */ = {isa = PBXFileReference; explicitFileType = wrapper.cfbundle; includeInIndex = 0; path = FurryFriendsTests.xctest; sourceTree = BUILT_PRODUCTS_DIR; };
		7EDA7E521DB710EF00380FE1 /* FurryFriendsTests.swift */ = {isa = PBXFileReference; lastKnownFileType = sourcecode.swift; path = FurryFriendsTests.swift; sourceTree = "<group>"; };
		7EDA7E541DB710EF00380FE1 /* Info.plist */ = {isa = PBXFileReference; lastKnownFileType = text.plist.xml; path = Info.plist; sourceTree = "<group>"; };
		7EDA7E591DB710EF00380FE1 /* FurryFriendsUITests.xctest */ = {isa = PBXFileReference; explicitFileType = wrapper.cfbundle; includeInIndex = 0; path = FurryFriendsUITests.xctest; sourceTree = BUILT_PRODUCTS_DIR; };
		7EDA7E5D1DB710EF00380FE1 /* FurryFriendsUITests.swift */ = {isa = PBXFileReference; lastKnownFileType = sourcecode.swift; path = FurryFriendsUITests.swift; sourceTree = "<group>"; };
		7EDA7E5F1DB710EF00380FE1 /* Info.plist */ = {isa = PBXFileReference; lastKnownFileType = text.plist.xml; path = Info.plist; sourceTree = "<group>"; };
/* End PBXFileReference section */

/* Begin PBXFrameworksBuildPhase section */
		7EDA7E371DB710EE00380FE1 /* Frameworks */ = {
			isa = PBXFrameworksBuildPhase;
			buildActionMask = 2147483647;
			files = (
			);
			runOnlyForDeploymentPostprocessing = 0;
		};
		7EDA7E4B1DB710EF00380FE1 /* Frameworks */ = {
			isa = PBXFrameworksBuildPhase;
			buildActionMask = 2147483647;
			files = (
			);
			runOnlyForDeploymentPostprocessing = 0;
		};
		7EDA7E561DB710EF00380FE1 /* Frameworks */ = {
			isa = PBXFrameworksBuildPhase;
			buildActionMask = 2147483647;
			files = (
			);
			runOnlyForDeploymentPostprocessing = 0;
		};
/* End PBXFrameworksBuildPhase section */

/* Begin PBXGroup section */
		7EDA7E311DB710EE00380FE1 = {
			isa = PBXGroup;
			children = (
				7EDA7E3C1DB710EE00380FE1 /* FurryFriends */,
				7EDA7E511DB710EF00380FE1 /* FurryFriendsTests */,
				7EDA7E5C1DB710EF00380FE1 /* FurryFriendsUITests */,
				7EDA7E3B1DB710EE00380FE1 /* Products */,
			);
			sourceTree = "<group>";
		};
		7EDA7E3B1DB710EE00380FE1 /* Products */ = {
			isa = PBXGroup;
			children = (
				7EDA7E3A1DB710EE00380FE1 /* FurryFriends.app */,
				7EDA7E4E1DB710EF00380FE1 /* FurryFriendsTests.xctest */,
				7EDA7E591DB710EF00380FE1 /* FurryFriendsUITests.xctest */,
			);
			name = Products;
			sourceTree = "<group>";
		};
		7EDA7E3C1DB710EE00380FE1 /* FurryFriends */ = {
			isa = PBXGroup;
			children = (
				7EDA7E3D1DB710EE00380FE1 /* AppDelegate.swift */,
				7EDA7E3F1DB710EE00380FE1 /* ViewController.swift */,
				7EDA7E411DB710EE00380FE1 /* Main.storyboard */,
				7EDA7E441DB710EE00380FE1 /* Assets.xcassets */,
				7EDA7E461DB710EE00380FE1 /* LaunchScreen.storyboard */,
				7EDA7E491DB710EE00380FE1 /* Info.plist */,
			);
			path = FurryFriends;
			sourceTree = "<group>";
		};
		7EDA7E511DB710EF00380FE1 /* FurryFriendsTests */ = {
			isa = PBXGroup;
			children = (
				7EDA7E521DB710EF00380FE1 /* FurryFriendsTests.swift */,
				7EDA7E541DB710EF00380FE1 /* Info.plist */,
			);
			path = FurryFriendsTests;
			sourceTree = "<group>";
		};
		7EDA7E5C1DB710EF00380FE1 /* FurryFriendsUITests */ = {
			isa = PBXGroup;
			children = (
				7EDA7E5D1DB710EF00380FE1 /* FurryFriendsUITests.swift */,
				7EDA7E5F1DB710EF00380FE1 /* Info.plist */,
			);
			path = FurryFriendsUITests;
			sourceTree = "<group>";
		};
/* End PBXGroup section */

/* Begin PBXNativeTarget section */
		7EDA7E391DB710EE00380FE1 /* FurryFriends */ = {
			isa = PBXNativeTarget;
			buildConfigurationList = 7EDA7E621DB710EF00380FE1 /* Build configuration list for PBXNativeTarget "FurryFriends" */;
			buildPhases = (
				7EDA7E361DB710EE00380FE1 /* Sources */,
				7EDA7E371DB710EE00380FE1 /* Frameworks */,
				7EDA7E381DB710EE00380FE1 /* Resources */,
			);
			buildRules = (
			);
			dependencies = (
			);
			name = FurryFriends;
			productName = FurryFriends;
			productReference = 7EDA7E3A1DB710EE00380FE1 /* FurryFriends.app */;
			productType = "com.apple.product-type.application";
		};
		7EDA7E4D1DB710EF00380FE1 /* FurryFriendsTests */ = {
			isa = PBXNativeTarget;
			buildConfigurationList = 7EDA7E651DB710EF00380FE1 /* Build configuration list for PBXNativeTarget "FurryFriendsTests" */;
			buildPhases = (
				7EDA7E4A1DB710EF00380FE1 /* Sources */,
				7EDA7E4B1DB710EF00380FE1 /* Frameworks */,
				7EDA7E4C1DB710EF00380FE1 /* Resources */,
			);
			buildRules = (
			);
			dependencies = (
				7EDA7E501DB710EF00380FE1 /* PBXTargetDependency */,
			);
			name = FurryFriendsTests;
			productName = FurryFriendsTests;
			productReference = 7EDA7E4E1DB710EF00380FE1 /* FurryFriendsTests.xctest */;
			productType = "com.apple.product-type.bundle.unit-test";
		};
		7EDA7E581DB710EF00380FE1 /* FurryFriendsUITests */ = {
			isa = PBXNativeTarget;
			buildConfigurationList = 7EDA7E681DB710EF00380FE1 /* Build configuration list for PBXNativeTarget "FurryFriendsUITests" */;
			buildPhases = (
				7EDA7E551DB710EF00380FE1 /* Sources */,
				7EDA7E561DB710EF00380FE1 /* Frameworks */,
				7EDA7E571DB710EF00380FE1 /* Resources */,
			);
			buildRules = (
			);
			dependencies = (
				7EDA7E5B1DB710EF00380FE1 /* PBXTargetDependency */,
			);
			name = FurryFriendsUITests;
			productName = FurryFriendsUITests;
			productReference = 7EDA7E591DB710EF00380FE1 /* FurryFriendsUITests.xctest */;
			productType = "com.apple.product-type.bundle.ui-testing";
		};
/* End PBXNativeTarget section */

/* Begin PBXProject section */
		7EDA7E321DB710EE00380FE1 /* Project object */ = {
			isa = PBXProject;
			attributes = {
				LastSwiftUpdateCheck = 0800;
				LastUpgradeCheck = 0800;
				ORGANIZATIONNAME = "Sophia KC";
				TargetAttributes = {
					7EDA7E391DB710EE00380FE1 = {
						CreatedOnToolsVersion = 8.0;
						ProvisioningStyle = Automatic;
					};
					7EDA7E4D1DB710EF00380FE1 = {
						CreatedOnToolsVersion = 8.0;
						ProvisioningStyle = Automatic;
						TestTargetID = 7EDA7E391DB710EE00380FE1;
					};
					7EDA7E581DB710EF00380FE1 = {
						CreatedOnToolsVersion = 8.0;
						ProvisioningStyle = Automatic;
						TestTargetID = 7EDA7E391DB710EE00380FE1;
					};
				};
			};
			buildConfigurationList = 7EDA7E351DB710EE00380FE1 /* Build configuration list for PBXProject "FurryFriends" */;
			compatibilityVersion = "Xcode 3.2";
			developmentRegion = English;
			hasScannedForEncodings = 0;
			knownRegions = (
				en,
				Base,
			);
			mainGroup = 7EDA7E311DB710EE00380FE1;
			productRefGroup = 7EDA7E3B1DB710EE00380FE1 /* Products */;
			projectDirPath = "";
			projectRoot = "";
			targets = (
				7EDA7E391DB710EE00380FE1 /* FurryFriends */,
				7EDA7E4D1DB710EF00380FE1 /* FurryFriendsTests */,
				7EDA7E581DB710EF00380FE1 /* FurryFriendsUITests */,
			);
		};
/* End PBXProject section */

/* Begin PBXResourcesBuildPhase section */
		7EDA7E381DB710EE00380FE1 /* Resources */ = {
			isa = PBXResourcesBuildPhase;
			buildActionMask = 2147483647;
			files = (
				7EDA7E481DB710EE00380FE1 /* LaunchScreen.storyboard in Resources */,
				7EDA7E451DB710EE00380FE1 /* Assets.xcassets in Resources */,
				7EDA7E431DB710EE00380FE1 /* Main.storyboard in Resources */,
			);
			runOnlyForDeploymentPostprocessing = 0;
		};
		7EDA7E4C1DB710EF00380FE1 /* Resources */ = {
			isa = PBXResourcesBuildPhase;
			buildActionMask = 2147483647;
			files = (
			);
			runOnlyForDeploymentPostprocessing = 0;
		};
		7EDA7E571DB710EF00380FE1 /* Resources */ = {
			isa = PBXResourcesBuildPhase;
			buildActionMask = 2147483647;
			files = (
			);
			runOnlyForDeploymentPostprocessing = 0;
		};
/* End PBXResourcesBuildPhase section */

/* Begin PBXSourcesBuildPhase section */
		7EDA7E361DB710EE00380FE1 /* Sources */ = {
			isa = PBXSourcesBuildPhase;
			buildActionMask = 2147483647;
			files = (
				7EDA7E401DB710EE00380FE1 /* ViewController.swift in Sources */,
				7EDA7E3E1DB710EE00380FE1 /* AppDelegate.swift in Sources */,
			);
			runOnlyForDeploymentPostprocessing = 0;
		};
		7EDA7E4A1DB710EF00380FE1 /* Sources */ = {
			isa = PBXSourcesBuildPhase;
			buildActionMask = 2147483647;
			files = (
				7EDA7E531DB710EF00380FE1 /* FurryFriendsTests.swift in Sources */,
			);
			runOnlyForDeploymentPostprocessing = 0;
		};
		7EDA7E551DB710EF00380FE1 /* Sources */ = {
			isa = PBXSourcesBuildPhase;
			buildActionMask = 2147483647;
			files = (
				7EDA7E5E1DB710EF00380FE1 /* FurryFriendsUITests.swift in Sources */,
			);
			runOnlyForDeploymentPostprocessing = 0;
		};
/* End PBXSourcesBuildPhase section */

/* Begin PBXTargetDependency section */
		7EDA7E501DB710EF00380FE1 /* PBXTargetDependency */ = {
			isa = PBXTargetDependency;
			target = 7EDA7E391DB710EE00380FE1 /* FurryFriends */;
			targetProxy = 7EDA7E4F1DB710EF00380FE1 /* PBXContainerItemProxy */;
		};
		7EDA7E5B1DB710EF00380FE1 /* PBXTargetDependency */ = {
			isa = PBXTargetDependency;
			target = 7EDA7E391DB710EE00380FE1 /* FurryFriends */;
			targetProxy = 7EDA7E5A1DB710EF00380FE1 /* PBXContainerItemProxy */;
		};
/* End PBXTargetDependency section */

/* Begin PBXVariantGroup section */
		7EDA7E411DB710EE00380FE1 /* Main.storyboard */ = {
			isa = PBXVariantGroup;
			children = (
				7EDA7E421DB710EE00380FE1 /* Base */,
			);
			name = Main.storyboard;
			sourceTree = "<group>";
		};
		7EDA7E461DB710EE00380FE1 /* LaunchScreen.storyboard */ = {
			isa = PBXVariantGroup;
			children = (
				7EDA7E471DB710EE00380FE1 /* Base */,
			);
			name = LaunchScreen.storyboard;
			sourceTree = "<group>";
		};
/* End PBXVariantGroup section */

/* Begin XCBuildConfiguration section */
		7EDA7E601DB710EF00380FE1 /* Debug */ = {
			isa = XCBuildConfiguration;
			buildSettings = {
				ALWAYS_SEARCH_USER_PATHS = NO;
				CLANG_ANALYZER_NONNULL = YES;
				CLANG_CXX_LANGUAGE_STANDARD = "gnu++0x";
				CLANG_CXX_LIBRARY = "libc++";
				CLANG_ENABLE_MODULES = YES;
				CLANG_ENABLE_OBJC_ARC = YES;
				CLANG_WARN_BOOL_CONVERSION = YES;
				CLANG_WARN_CONSTANT_CONVERSION = YES;
				CLANG_WARN_DIRECT_OBJC_ISA_USAGE = YES_ERROR;
				CLANG_WARN_DOCUMENTATION_COMMENTS = YES;
				CLANG_WARN_EMPTY_BODY = YES;
				CLANG_WARN_ENUM_CONVERSION = YES;
				CLANG_WARN_INFINITE_RECURSION = YES;
				CLANG_WARN_INT_CONVERSION = YES;
				CLANG_WARN_OBJC_ROOT_CLASS = YES_ERROR;
				CLANG_WARN_SUSPICIOUS_MOVES = YES;
				CLANG_WARN_UNREACHABLE_CODE = YES;
				CLANG_WARN__DUPLICATE_METHOD_MATCH = YES;
				"CODE_SIGN_IDENTITY[sdk=iphoneos*]" = "iPhone Developer";
				COPY_PHASE_STRIP = NO;
				DEBUG_INFORMATION_FORMAT = dwarf;
				ENABLE_STRICT_OBJC_MSGSEND = YES;
				ENABLE_TESTABILITY = YES;
				GCC_C_LANGUAGE_STANDARD = gnu99;
				GCC_DYNAMIC_NO_PIC = NO;
				GCC_NO_COMMON_BLOCKS = YES;
				GCC_OPTIMIZATION_LEVEL = 0;
				GCC_PREPROCESSOR_DEFINITIONS = (
					"DEBUG=1",
					"$(inherited)",
				);
				GCC_WARN_64_TO_32_BIT_CONVERSION = YES;
				GCC_WARN_ABOUT_RETURN_TYPE = YES_ERROR;
				GCC_WARN_UNDECLARED_SELECTOR = YES;
				GCC_WARN_UNINITIALIZED_AUTOS = YES_AGGRESSIVE;
				GCC_WARN_UNUSED_FUNCTION = YES;
				GCC_WARN_UNUSED_VARIABLE = YES;
				IPHONEOS_DEPLOYMENT_TARGET = 10.0;
				MTL_ENABLE_DEBUG_INFO = YES;
				ONLY_ACTIVE_ARCH = YES;
				SDKROOT = iphoneos;
				SWIFT_ACTIVE_COMPILATION_CONDITIONS = DEBUG;
				SWIFT_OPTIMIZATION_LEVEL = "-Onone";
			};
			name = Debug;
		};
		7EDA7E611DB710EF00380FE1 /* Release */ = {
			isa = XCBuildConfiguration;
			buildSettings = {
				ALWAYS_SEARCH_USER_PATHS = NO;
				CLANG_ANALYZER_NONNULL = YES;
				CLANG_CXX_LANGUAGE_STANDARD = "gnu++0x";
				CLANG_CXX_LIBRARY = "libc++";
				CLANG_ENABLE_MODULES = YES;
				CLANG_ENABLE_OBJC_ARC = YES;
				CLANG_WARN_BOOL_CONVERSION = YES;
				CLANG_WARN_CONSTANT_CONVERSION = YES;
				CLANG_WARN_DIRECT_OBJC_ISA_USAGE = YES_ERROR;
				CLANG_WARN_DOCUMENTATION_COMMENTS = YES;
				CLANG_WARN_EMPTY_BODY = YES;
				CLANG_WARN_ENUM_CONVERSION = YES;
				CLANG_WARN_INFINITE_RECURSION = YES;
				CLANG_WARN_INT_CONVERSION = YES;
				CLANG_WARN_OBJC_ROOT_CLASS = YES_ERROR;
				CLANG_WARN_SUSPICIOUS_MOVES = YES;
				CLANG_WARN_UNREACHABLE_CODE = YES;
				CLANG_WARN__DUPLICATE_METHOD_MATCH = YES;
				"CODE_SIGN_IDENTITY[sdk=iphoneos*]" = "iPhone Developer";
				COPY_PHASE_STRIP = NO;
				DEBUG_INFORMATION_FORMAT = "dwarf-with-dsym";
				ENABLE_NS_ASSERTIONS = NO;
				ENABLE_STRICT_OBJC_MSGSEND = YES;
				GCC_C_LANGUAGE_STANDARD = gnu99;
				GCC_NO_COMMON_BLOCKS = YES;
				GCC_WARN_64_TO_32_BIT_CONVERSION = YES;
				GCC_WARN_ABOUT_RETURN_TYPE = YES_ERROR;
				GCC_WARN_UNDECLARED_SELECTOR = YES;
				GCC_WARN_UNINITIALIZED_AUTOS = YES_AGGRESSIVE;
				GCC_WARN_UNUSED_FUNCTION = YES;
				GCC_WARN_UNUSED_VARIABLE = YES;
				IPHONEOS_DEPLOYMENT_TARGET = 10.0;
				MTL_ENABLE_DEBUG_INFO = NO;
				SDKROOT = iphoneos;
				SWIFT_OPTIMIZATION_LEVEL = "-Owholemodule";
				VALIDATE_PRODUCT = YES;
			};
			name = Release;
		};
		7EDA7E631DB710EF00380FE1 /* Debug */ = {
			isa = XCBuildConfiguration;
			buildSettings = {
				ASSETCATALOG_COMPILER_APPICON_NAME = AppIcon;
				INFOPLIST_FILE = FurryFriends/Info.plist;
				LD_RUNPATH_SEARCH_PATHS = "$(inherited) @executable_path/Frameworks";
				PRODUCT_BUNDLE_IDENTIFIER = com.sophiakc.FurryFriends;
				PRODUCT_NAME = "$(TARGET_NAME)";
				SWIFT_VERSION = 3.0;
			};
			name = Debug;
		};
		7EDA7E641DB710EF00380FE1 /* Release */ = {
			isa = XCBuildConfiguration;
			buildSettings = {
				ASSETCATALOG_COMPILER_APPICON_NAME = AppIcon;
				INFOPLIST_FILE = FurryFriends/Info.plist;
				LD_RUNPATH_SEARCH_PATHS = "$(inherited) @executable_path/Frameworks";
				PRODUCT_BUNDLE_IDENTIFIER = com.sophiakc.FurryFriends;
				PRODUCT_NAME = "$(TARGET_NAME)";
				SWIFT_VERSION = 3.0;
			};
			name = Release;
		};
		7EDA7E661DB710EF00380FE1 /* Debug */ = {
			isa = XCBuildConfiguration;
			buildSettings = {
				ALWAYS_EMBED_SWIFT_STANDARD_LIBRARIES = YES;
				BUNDLE_LOADER = "$(TEST_HOST)";
				INFOPLIST_FILE = FurryFriendsTests/Info.plist;
				LD_RUNPATH_SEARCH_PATHS = "$(inherited) @executable_path/Frameworks @loader_path/Frameworks";
				PRODUCT_BUNDLE_IDENTIFIER = com.sophiakc.FurryFriendsTests;
				PRODUCT_NAME = "$(TARGET_NAME)";
				SWIFT_VERSION = 3.0;
				TEST_HOST = "$(BUILT_PRODUCTS_DIR)/FurryFriends.app/FurryFriends";
			};
			name = Debug;
		};
		7EDA7E671DB710EF00380FE1 /* Release */ = {
			isa = XCBuildConfiguration;
			buildSettings = {
				ALWAYS_EMBED_SWIFT_STANDARD_LIBRARIES = YES;
				BUNDLE_LOADER = "$(TEST_HOST)";
				INFOPLIST_FILE = FurryFriendsTests/Info.plist;
				LD_RUNPATH_SEARCH_PATHS = "$(inherited) @executable_path/Frameworks @loader_path/Frameworks";
				PRODUCT_BUNDLE_IDENTIFIER = com.sophiakc.FurryFriendsTests;
				PRODUCT_NAME = "$(TARGET_NAME)";
				SWIFT_VERSION = 3.0;
				TEST_HOST = "$(BUILT_PRODUCTS_DIR)/FurryFriends.app/FurryFriends";
			};
			name = Release;
		};
		7EDA7E691DB710EF00380FE1 /* Debug */ = {
			isa = XCBuildConfiguration;
			buildSettings = {
				ALWAYS_EMBED_SWIFT_STANDARD_LIBRARIES = YES;
				INFOPLIST_FILE = FurryFriendsUITests/Info.plist;
				LD_RUNPATH_SEARCH_PATHS = "$(inherited) @executable_path/Frameworks @loader_path/Frameworks";
				PRODUCT_BUNDLE_IDENTIFIER = com.sophiakc.FurryFriendsUITests;
				PRODUCT_NAME = "$(TARGET_NAME)";
				SWIFT_VERSION = 3.0;
				TEST_TARGET_NAME = FurryFriends;
			};
			name = Debug;
		};
		7EDA7E6A1DB710EF00380FE1 /* Release */ = {
			isa = XCBuildConfiguration;
			buildSettings = {
				ALWAYS_EMBED_SWIFT_STANDARD_LIBRARIES = YES;
				INFOPLIST_FILE = FurryFriendsUITests/Info.plist;
				LD_RUNPATH_SEARCH_PATHS = "$(inherited) @executable_path/Frameworks @loader_path/Frameworks";
				PRODUCT_BUNDLE_IDENTIFIER = com.sophiakc.FurryFriendsUITests;
				PRODUCT_NAME = "$(TARGET_NAME)";
				SWIFT_VERSION = 3.0;
				TEST_TARGET_NAME = FurryFriends;
			};
			name = Release;
		};
/* End XCBuildConfiguration section */

/* Begin XCConfigurationList section */
		7EDA7E351DB710EE00380FE1 /* Build configuration list for PBXProject "FurryFriends" */ = {
			isa = XCConfigurationList;
			buildConfigurations = (
				7EDA7E601DB710EF00380FE1 /* Debug */,
				7EDA7E611DB710EF00380FE1 /* Release */,
			);
			defaultConfigurationIsVisible = 0;
			defaultConfigurationName = Release;
		};
		7EDA7E621DB710EF00380FE1 /* Build configuration list for PBXNativeTarget "FurryFriends" */ = {
			isa = XCConfigurationList;
			buildConfigurations = (
				7EDA7E631DB710EF00380FE1 /* Debug */,
				7EDA7E641DB710EF00380FE1 /* Release */,
			);
			defaultConfigurationIsVisible = 0;
		};
		7EDA7E651DB710EF00380FE1 /* Build configuration list for PBXNativeTarget "FurryFriendsTests" */ = {
			isa = XCConfigurationList;
			buildConfigurations = (
				7EDA7E661DB710EF00380FE1 /* Debug */,
				7EDA7E671DB710EF00380FE1 /* Release */,
			);
			defaultConfigurationIsVisible = 0;
		};
		7EDA7E681DB710EF00380FE1 /* Build configuration list for PBXNativeTarget "FurryFriendsUITests" */ = {
			isa = XCConfigurationList;
			buildConfigurations = (
				7EDA7E691DB710EF00380FE1 /* Debug */,
				7EDA7E6A1DB710EF00380FE1 /* Release */,
			);
			defaultConfigurationIsVisible = 0;
		};
/* End XCConfigurationList section */
	};
	rootObject = 7EDA7E321DB710EE00380FE1 /* Project object */;
}
